
Microsoft Visual Studio Solution File, Format Version 12.00
# Visual Studio 2013
VisualStudioVersion = 12.0.30501.0
MinimumVisualStudioVersion = 10.0.40219.1
Project("{FAE04EC0-301F-11D3-BF4B-00C04F79EFBC}") = "Example-CMS", "Example-CMS\Example-CMS.csproj", "{31B4CF7E-E0D1-4467-BD0B-CEBB30D213D9}"
EndProject
Project("{2150E333-8FDC-42A3-9474-1A3956D46DE8}") = "0 - Presentation", "0 - Presentation", "{C03992DA-D52D-426B-878E-97B90A040652}"
EndProject
Project("{2150E333-8FDC-42A3-9474-1A3956D46DE8}") = "1 - App Service", "1 - App Service", "{1D2F8B92-8A2B-4ABC-9EB7-A3F74D8572D7}"
EndProject
Project("{2150E333-8FDC-42A3-9474-1A3956D46DE8}") = "2 - Domain", "2 - Domain", "{FEB15527-D1E3-4F65-8F02-0FC4848A8CD8}"
EndProject
Project("{2150E333-8FDC-42A3-9474-1A3956D46DE8}") = "3 - Infra", "3 - Infra", "{4D400291-C4D4-4E8C-9C12-7E32D26047F7}"
EndProject
Project("{2150E333-8FDC-42A3-9474-1A3956D46DE8}") = "3.1 - Data", "3.1 - Data", "{D63F6BAF-E2D4-4EC5-8EB2-DCA649437E04}"
EndProject
Project("{2150E333-8FDC-42A3-9474-1A3956D46DE8}") = "3.2 - Cross Cutting", "3.2 - Cross Cutting", "{E5B2F827-638E-4EE4-A3F7-ADB92886F72C}"
EndProject
Project("{FAE04EC0-301F-11D3-BF4B-00C04F79EFBC}") = "CMS-AppService", "CMS-AppService\CMS-AppService.csproj", "{E5544A0F-7E71-45C2-9A5D-EF98599396FD}"
EndProject
Project("{FAE04EC0-301F-11D3-BF4B-00C04F79EFBC}") = "CMS-Domain", "CMS-Domain\CMS-Domain.csproj", "{B5218FC0-3B1E-4E18-9E7D-1F06EF507F5D}"
EndProject
Project("{FAE04EC0-301F-11D3-BF4B-00C04F79EFBC}") = "CMS-Data", "CMS-Data\CMS-Data.csproj", "{D2B0FDA3-B63D-4E2E-8549-0F9B2FD92C74}"
EndProject
Project("{FAE04EC0-301F-11D3-BF4B-00C04F79EFBC}") = "CMS-CrossCutting", "CMS-CrossCrossing\CMS-CrossCutting.csproj", "{ED60D8BD-4980-4F23-AFFD-C5285CE1A73F}"
EndProject
Project("{FAE04EC0-301F-11D3-BF4B-00C04F79EFBC}") = "CMS-Injection", "CMS-Injection\CMS-Injection.csproj", "{4C1CCAFE-D57E-4C9D-A520-0AE5170667E8}"
EndProject
Global
	GlobalSection(SolutionConfigurationPlatforms) = preSolution
		Debug|Any CPU = Debug|Any CPU
		Release|Any CPU = Release|Any CPU
	EndGlobalSection
	GlobalSection(ProjectConfigurationPlatforms) = postSolution
		{31B4CF7E-E0D1-4467-BD0B-CEBB30D213D9}.Debug|Any CPU.ActiveCfg = Debug|Any CPU
		{31B4CF7E-E0D1-4467-BD0B-CEBB30D213D9}.Debug|Any CPU.Build.0 = Debug|Any CPU
		{31B4CF7E-E0D1-4467-BD0B-CEBB30D213D9}.Release|Any CPU.ActiveCfg = Release|Any CPU
		{31B4CF7E-E0D1-4467-BD0B-CEBB30D213D9}.Release|Any CPU.Build.0 = Release|Any CPU
		{E5544A0F-7E71-45C2-9A5D-EF98599396FD}.Debug|Any CPU.ActiveCfg = Debug|Any CPU
		{E5544A0F-7E71-45C2-9A5D-EF98599396FD}.Debug|Any CPU.Build.0 = Debug|Any CPU
		{E5544A0F-7E71-45C2-9A5D-EF98599396FD}.Release|Any CPU.ActiveCfg = Release|Any CPU
		{E5544A0F-7E71-45C2-9A5D-EF98599396FD}.Release|Any CPU.Build.0 = Release|Any CPU
		{B5218FC0-3B1E-4E18-9E7D-1F06EF507F5D}.Debug|Any CPU.ActiveCfg = Debug|Any CPU
		{B5218FC0-3B1E-4E18-9E7D-1F06EF507F5D}.Debug|Any CPU.Build.0 = Debug|Any CPU
		{B5218FC0-3B1E-4E18-9E7D-1F06EF507F5D}.Release|Any CPU.ActiveCfg = Release|Any CPU
		{B5218FC0-3B1E-4E18-9E7D-1F06EF507F5D}.Release|Any CPU.Build.0 = Release|Any CPU
		{D2B0FDA3-B63D-4E2E-8549-0F9B2FD92C74}.Debug|Any CPU.ActiveCfg = Debug|Any CPU
		{D2B0FDA3-B63D-4E2E-8549-0F9B2FD92C74}.Debug|Any CPU.Build.0 = Debug|Any CPU
		{D2B0FDA3-B63D-4E2E-8549-0F9B2FD92C74}.Release|Any CPU.ActiveCfg = Release|Any CPU
		{D2B0FDA3-B63D-4E2E-8549-0F9B2FD92C74}.Release|Any CPU.Build.0 = Release|Any CPU
		{ED60D8BD-4980-4F23-AFFD-C5285CE1A73F}.Debug|Any CPU.ActiveCfg = Debug|Any CPU
		{ED60D8BD-4980-4F23-AFFD-C5285CE1A73F}.Debug|Any CPU.Build.0 = Debug|Any CPU
		{ED60D8BD-4980-4F23-AFFD-C5285CE1A73F}.Release|Any CPU.ActiveCfg = Release|Any CPU
		{ED60D8BD-4980-4F23-AFFD-C5285CE1A73F}.Release|Any CPU.Build.0 = Release|Any CPU
		{4C1CCAFE-D57E-4C9D-A520-0AE5170667E8}.Debug|Any CPU.ActiveCfg = Debug|Any CPU
		{4C1CCAFE-D57E-4C9D-A520-0AE5170667E8}.Debug|Any CPU.Build.0 = Debug|Any CPU
		{4C1CCAFE-D57E-4C9D-A520-0AE5170667E8}.Release|Any CPU.ActiveCfg = Release|Any CPU
		{4C1CCAFE-D57E-4C9D-A520-0AE5170667E8}.Release|Any CPU.Build.0 = Release|Any CPU
	EndGlobalSection
	GlobalSection(SolutionProperties) = preSolution
		HideSolutionNode = FALSE
	EndGlobalSection
	GlobalSection(NestedProjects) = preSolution
		{31B4CF7E-E0D1-4467-BD0B-CEBB30D213D9} = {C03992DA-D52D-426B-878E-97B90A040652}
		{D63F6BAF-E2D4-4EC5-8EB2-DCA649437E04} = {4D400291-C4D4-4E8C-9C12-7E32D26047F7}
		{E5B2F827-638E-4EE4-A3F7-ADB92886F72C} = {4D400291-C4D4-4E8C-9C12-7E32D26047F7}
		{E5544A0F-7E71-45C2-9A5D-EF98599396FD} = {1D2F8B92-8A2B-4ABC-9EB7-A3F74D8572D7}
		{B5218FC0-3B1E-4E18-9E7D-1F06EF507F5D} = {FEB15527-D1E3-4F65-8F02-0FC4848A8CD8}
		{D2B0FDA3-B63D-4E2E-8549-0F9B2FD92C74} = {D63F6BAF-E2D4-4EC5-8EB2-DCA649437E04}
		{ED60D8BD-4980-4F23-AFFD-C5285CE1A73F} = {E5B2F827-638E-4EE4-A3F7-ADB92886F72C}
		{4C1CCAFE-D57E-4C9D-A520-0AE5170667E8} = {E5B2F827-638E-4EE4-A3F7-ADB92886F72C}
	EndGlobalSection
EndGlobal
